// !$*UTF8*$!
{
	archiveVersion = 1;
	classes = {
	};
	objectVersion = 46;
	objects = {

/* Begin PBXBuildFile section */
		CC7F307D1DD8B68F00C59076 /* AppDelegate.swift in Sources */ = {isa = PBXBuildFile; fileRef = CC7F307C1DD8B68F00C59076 /* AppDelegate.swift */; };
		CC7F307F1DD8B68F00C59076 /* ViewController.swift in Sources */ = {isa = PBXBuildFile; fileRef = CC7F307E1DD8B68F00C59076 /* ViewController.swift */; };
		CC7F30821DD8B68F00C59076 /* Main.storyboard in Resources */ = {isa = PBXBuildFile; fileRef = CC7F30801DD8B68F00C59076 /* Main.storyboard */; };
		CC7F30841DD8B68F00C59076 /* Assets.xcassets in Resources */ = {isa = PBXBuildFile; fileRef = CC7F30831DD8B68F00C59076 /* Assets.xcassets */; };
		CC7F30871DD8B68F00C59076 /* LaunchScreen.storyboard in Resources */ = {isa = PBXBuildFile; fileRef = CC7F30851DD8B68F00C59076 /* LaunchScreen.storyboard */; };
/* End PBXBuildFile section */

/* Begin PBXFileReference section */
		CC7F30791DD8B68F00C59076 /* webviewex.app */ = {isa = PBXFileReference; explicitFileType = wrapper.application; includeInIndex = 0; path = webviewex.app; sourceTree = BUILT_PRODUCTS_DIR; };
		CC7F307C1DD8B68F00C59076 /* AppDelegate.swift */ = {isa = PBXFileReference; lastKnownFileType = sourcecode.swift; path = AppDelegate.swift; sourceTree = "<group>"; };
		CC7F307E1DD8B68F00C59076 /* ViewController.swift */ = {isa = PBXFileReference; lastKnownFileType = sourcecode.swift; path = ViewController.swift; sourceTree = "<group>"; };
		CC7F30811DD8B68F00C59076 /* Base */ = {isa = PBXFileReference; lastKnownFileType = file.storyboard; name = Base; path = Base.lproj/Main.storyboard; sourceTree = "<group>"; };
		CC7F30831DD8B68F00C59076 /* Assets.xcassets */ = {isa = PBXFileReference; lastKnownFileType = folder.assetcatalog; path = Assets.xcassets; sourceTree = "<group>"; };
		CC7F30861DD8B68F00C59076 /* Base */ = {isa = PBXFileReference; lastKnownFileType = file.storyboard; name = Base; path = Base.lproj/LaunchScreen.storyboard; sourceTree = "<group>"; };
		CC7F30881DD8B68F00C59076 /* Info.plist */ = {isa = PBXFileReference; lastKnownFileType = text.plist.xml; path = Info.plist; sourceTree = "<group>"; };
/* End PBXFileReference section */

/* Begin PBXFrameworksBuildPhase section */
		CC7F30761DD8B68E00C59076 /* Frameworks */ = {
			isa = PBXFrameworksBuildPhase;
			buildActionMask = 2147483647;
			files = (
			);
			runOnlyForDeploymentPostprocessing = 0;
		};
/* End PBXFrameworksBuildPhase section */

/* Begin PBXGroup section */
		CC7F30701DD8B68E00C59076 = {
			isa = PBXGroup;
			children = (
				CC7F307B1DD8B68F00C59076 /* webviewex */,
				CC7F307A1DD8B68F00C59076 /* Products */,
			);
			sourceTree = "<group>";
		};
		CC7F307A1DD8B68F00C59076 /* Products */ = {
			isa = PBXGroup;
			children = (
				CC7F30791DD8B68F00C59076 /* webviewex.app */,
			);
			name = Products;
			sourceTree = "<group>";
		};
		CC7F307B1DD8B68F00C59076 /* webviewex */ = {
			isa = PBXGroup;
			children = (
				CC7F307C1DD8B68F00C59076 /* AppDelegate.swift */,
				CC7F307E1DD8B68F00C59076 /* ViewController.swift */,
				CC7F30801DD8B68F00C59076 /* Main.storyboard */,
				CC7F30831DD8B68F00C59076 /* Assets.xcassets */,
				CC7F30851DD8B68F00C59076 /* LaunchScreen.storyboard */,
				CC7F30881DD8B68F00C59076 /* Info.plist */,
			);
			path = webviewex;
			sourceTree = "<group>";
		};
/* End PBXGroup section */

/* Begin PBXNativeTarget section */
		CC7F30781DD8B68E00C59076 /* webviewex */ = {
			isa = PBXNativeTarget;
			buildConfigurationList = CC7F308B1DD8B68F00C59076 /* Build configuration list for PBXNativeTarget "webviewex" */;
			buildPhases = (
				CC7F30751DD8B68E00C59076 /* Sources */,
				CC7F30761DD8B68E00C59076 /* Frameworks */,
				CC7F30771DD8B68E00C59076 /* Resources */,
			);
			buildRules = (
			);
			dependencies = (
			);
			name = webviewex;
			productName = webviewex;
			productReference = CC7F30791DD8B68F00C59076 /* webviewex.app */;
			productType = "com.apple.product-type.application";
		};
/* End PBXNativeTarget section */

/* Begin PBXProject section */
		CC7F30711DD8B68E00C59076 /* Project object */ = {
			isa = PBXProject;
			attributes = {
				LastSwiftUpdateCheck = 0810;
				LastUpgradeCheck = 0810;
				ORGANIZATIONNAME = goplayzig;
				TargetAttributes = {
					CC7F30781DD8B68E00C59076 = {
						CreatedOnToolsVersion = 8.1;
						ProvisioningStyle = Automatic;
					};
				};
			};
			buildConfigurationList = CC7F30741DD8B68E00C59076 /* Build configuration list for PBXProject "webviewex" */;
			compatibilityVersion = "Xcode 3.2";
			developmentRegion = English;
			hasScannedForEncodings = 0;
			knownRegions = (
				en,
				Base,
			);
			mainGroup = CC7F30701DD8B68E00C59076;
			productRefGroup = CC7F307A1DD8B68F00C59076 /* Products */;
			projectDirPath = "";
			projectRoot = "";
			targets = (
				CC7F30781DD8B68E00C59076 /* webviewex */,
			);
		};
/* End PBXProject section */

/* Begin PBXResourcesBuildPhase section */
		CC7F30771DD8B68E00C59076 /* Resources */ = {
			isa = PBXResourcesBuildPhase;
			buildActionMask = 2147483647;
			files = (
				CC7F30871DD8B68F00C59076 /* LaunchScreen.storyboard in Resources */,
				CC7F30841DD8B68F00C59076 /* Assets.xcassets in Resources */,
				CC7F30821DD8B68F00C59076 /* Main.storyboard in Resources */,
			);
			runOnlyForDeploymentPostprocessing = 0;
		};
/* End PBXResourcesBuildPhase section */

/* Begin PBXSourcesBuildPhase section */
		CC7F30751DD8B68E00C59076 /* Sources */ = {
			isa = PBXSourcesBuildPhase;
			buildActionMask = 2147483647;
			files = (
				CC7F307F1DD8B68F00C59076 /* ViewController.swift in Sources */,
				CC7F307D1DD8B68F00C59076 /* AppDelegate.swift in Sources */,
			);
			runOnlyForDeploymentPostprocessing = 0;
		};
/* End PBXSourcesBuildPhase section */

/* Begin PBXVariantGroup section */
		CC7F30801DD8B68F00C59076 /* Main.storyboard */ = {
			isa = PBXVariantGroup;
			children = (
				CC7F30811DD8B68F00C59076 /* Base */,
			);
			name = Main.storyboard;
			sourceTree = "<group>";
		};
		CC7F30851DD8B68F00C59076 /* LaunchScreen.storyboard */ = {
			isa = PBXVariantGroup;
			children = (
				CC7F30861DD8B68F00C59076 /* Base */,
			);
			name = LaunchScreen.storyboard;
			sourceTree = "<group>";
		};
/* End PBXVariantGroup section */

/* Begin XCBuildConfiguration section */
		CC7F30891DD8B68F00C59076 /* Debug */ = {
			isa = XCBuildConfiguration;
			buildSettings = {
				ALWAYS_SEARCH_USER_PATHS = NO;
				CLANG_ANALYZER_NONNULL = YES;
				CLANG_CXX_LANGUAGE_STANDARD = "gnu++0x";
				CLANG_CXX_LIBRARY = "libc++";
				CLANG_ENABLE_MODULES = YES;
				CLANG_ENABLE_OBJC_ARC = YES;
				CLANG_WARN_BOOL_CONVERSION = YES;
				CLANG_WARN_CONSTANT_CONVERSION = YES;
				CLANG_WARN_DIRECT_OBJC_ISA_USAGE = YES_ERROR;
				CLANG_WARN_DOCUMENTATION_COMMENTS = YES;
				CLANG_WARN_EMPTY_BODY = YES;
				CLANG_WARN_ENUM_CONVERSION = YES;
				CLANG_WARN_INFINITE_RECURSION = YES;
				CLANG_WARN_INT_CONVERSION = YES;
				CLANG_WARN_OBJC_ROOT_CLASS = YES_ERROR;
				CLANG_WARN_SUSPICIOUS_MOVES = YES;
				CLANG_WARN_UNREACHABLE_CODE = YES;
				CLANG_WARN__DUPLICATE_METHOD_MATCH = YES;
				"CODE_SIGN_IDENTITY[sdk=iphoneos*]" = "iPhone Developer";
				COPY_PHASE_STRIP = NO;
				DEBUG_INFORMATION_FORMAT = dwarf;
				ENABLE_STRICT_OBJC_MSGSEND = YES;
				ENABLE_TESTABILITY = YES;
				GCC_C_LANGUAGE_STANDARD = gnu99;
				GCC_DYNAMIC_NO_PIC = NO;
				GCC_NO_COMMON_BLOCKS = YES;
				GCC_OPTIMIZATION_LEVEL = 0;
				GCC_PREPROCESSOR_DEFINITIONS = (
					"DEBUG=1",
					"$(inherited)",
				);
				GCC_WARN_64_TO_32_BIT_CONVERSION = YES;
				GCC_WARN_ABOUT_RETURN_TYPE = YES_ERROR;
				GCC_WARN_UNDECLARED_SELECTOR = YES;
				GCC_WARN_UNINITIALIZED_AUTOS = YES_AGGRESSIVE;
				GCC_WARN_UNUSED_FUNCTION = YES;
				GCC_WARN_UNUSED_VARIABLE = YES;
				IPHONEOS_DEPLOYMENT_TARGET = 10.1;
				MTL_ENABLE_DEBUG_INFO = YES;
				ONLY_ACTIVE_ARCH = YES;
				SDKROOT = iphoneos;
				SWIFT_ACTIVE_COMPILATION_CONDITIONS = DEBUG;
				SWIFT_OPTIMIZATION_LEVEL = "-Onone";
				TARGETED_DEVICE_FAMILY = "1,2";
			};
			name = Debug;
		};
		CC7F308A1DD8B68F00C59076 /* Release */ = {
			isa = XCBuildConfiguration;
			buildSettings = {
				ALWAYS_SEARCH_USER_PATHS = NO;
				CLANG_ANALYZER_NONNULL = YES;
				CLANG_CXX_LANGUAGE_STANDARD = "gnu++0x";
				CLANG_CXX_LIBRARY = "libc++";
				CLANG_ENABLE_MODULES = YES;
				CLANG_ENABLE_OBJC_ARC = YES;
				CLANG_WARN_BOOL_CONVERSION = YES;
				CLANG_WARN_CONSTANT_CONVERSION = YES;
				CLANG_WARN_DIRECT_OBJC_ISA_USAGE = YES_ERROR;
				CLANG_WARN_DOCUMENTATION_COMMENTS = YES;
				CLANG_WARN_EMPTY_BODY = YES;
				CLANG_WARN_ENUM_CONVERSION = YES;
				CLANG_WARN_INFINITE_RECURSION = YES;
				CLANG_WARN_INT_CONVERSION = YES;
				CLANG_WARN_OBJC_ROOT_CLASS = YES_ERROR;
				CLANG_WARN_SUSPICIOUS_MOVES = YES;
				CLANG_WARN_UNREACHABLE_CODE = YES;
				CLANG_WARN__DUPLICATE_METHOD_MATCH = YES;
				"CODE_SIGN_IDENTITY[sdk=iphoneos*]" = "iPhone Developer";
				COPY_PHASE_STRIP = NO;
				DEBUG_INFORMATION_FORMAT = "dwarf-with-dsym";
				ENABLE_NS_ASSERTIONS = NO;
				ENABLE_STRICT_OBJC_MSGSEND = YES;
				GCC_C_LANGUAGE_STANDARD = gnu99;
				GCC_NO_COMMON_BLOCKS = YES;
				GCC_WARN_64_TO_32_BIT_CONVERSION = YES;
				GCC_WARN_ABOUT_RETURN_TYPE = YES_ERROR;
				GCC_WARN_UNDECLARED_SELECTOR = YES;
				GCC_WARN_UNINITIALIZED_AUTOS = YES_AGGRESSIVE;
				GCC_WARN_UNUSED_FUNCTION = YES;
				GCC_WARN_UNUSED_VARIABLE = YES;
				IPHONEOS_DEPLOYMENT_TARGET = 10.1;
				MTL_ENABLE_DEBUG_INFO = NO;
				SDKROOT = iphoneos;
				SWIFT_OPTIMIZATION_LEVEL = "-Owholemodule";
				TARGETED_DEVICE_FAMILY = "1,2";
				VALIDATE_PRODUCT = YES;
			};
			name = Release;
		};
		CC7F308C1DD8B68F00C59076 /* Debug */ = {
			isa = XCBuildConfiguration;
			buildSettings = {
				ASSETCATALOG_COMPILER_APPICON_NAME = AppIcon;
				INFOPLIST_FILE = webviewex/Info.plist;
				LD_RUNPATH_SEARCH_PATHS = "$(inherited) @executable_path/Frameworks";
				PRODUCT_BUNDLE_IDENTIFIER = com.goplayzig.webviewex;
				PRODUCT_NAME = "$(TARGET_NAME)";
				SWIFT_VERSION = 3.0;
			};
			name = Debug;
		};
		CC7F308D1DD8B68F00C59076 /* Release */ = {
			isa = XCBuildConfiguration;
			buildSettings = {
				ASSETCATALOG_COMPILER_APPICON_NAME = AppIcon;
				INFOPLIST_FILE = webviewex/Info.plist;
				LD_RUNPATH_SEARCH_PATHS = "$(inherited) @executable_path/Frameworks";
				PRODUCT_BUNDLE_IDENTIFIER = com.goplayzig.webviewex;
				PRODUCT_NAME = "$(TARGET_NAME)";
				SWIFT_VERSION = 3.0;
			};
			name = Release;
		};
/* End XCBuildConfiguration section */

/* Begin XCConfigurationList section */
		CC7F30741DD8B68E00C59076 /* Build configuration list for PBXProject "webviewex" */ = {
			isa = XCConfigurationList;
			buildConfigurations = (
				CC7F30891DD8B68F00C59076 /* Debug */,
				CC7F308A1DD8B68F00C59076 /* Release */,
			);
			defaultConfigurationIsVisible = 0;
			defaultConfigurationName = Release;
		};
		CC7F308B1DD8B68F00C59076 /* Build configuration list for PBXNativeTarget "webviewex" */ = {
			isa = XCConfigurationList;
			buildConfigurations = (
				CC7F308C1DD8B68F00C59076 /* Debug */,
				CC7F308D1DD8B68F00C59076 /* Release */,
			);
			defaultConfigurationIsVisible = 0;
		};
/* End XCConfigurationList section */
	};
	rootObject = CC7F30711DD8B68E00C59076 /* Project object */;
}
